{
	"name": "utilitypes",
	"version": "1.0.0",
	"lockfileVersion": 2,
	"requires": true,
	"packages": {
		"": {
			"name": "utilitypes",
			"version": "1.0.0",
			"license": "Apache-2.0",
			"dependencies": {
				"ts-arithmetic": "^0.1.1"
			},
			"devDependencies": {
				"@types/node": "^20.4.8",
				"readdirp": "^3.6.0",
				"tslib": "^2.6.1",
				"typescript": "^5.1.6"
			}
		},
		"node_modules/@types/node": {
			"version": "20.4.8",
			"resolved": "https://registry.npmjs.org/@types/node/-/node-20.4.8.tgz",
			"integrity": "sha512-0mHckf6D2DiIAzh8fM8f3HQCvMKDpK94YQ0DSVkfWTG9BZleYIWudw9cJxX8oCk9bM+vAkDyujDV6dmKHbvQpg==",
			"dev": true
		},
		"node_modules/picomatch": {
			"version": "2.2.3",
			"resolved": "https://registry.npmjs.org/picomatch/-/picomatch-2.2.3.tgz",
			"integrity": "sha512-KpELjfwcCDUb9PeigTs2mBJzXUPzAuP2oPcA989He8Rte0+YUAjw1JVedDhuTKPkHjSYzMN3npC9luThGYEKdg==",
			"dev": true,
			"engines": {
				"node": ">=8.6"
			},
			"funding": {
				"url": "https://github.com/sponsors/jonschlinkert"
			}
		},
		"node_modules/readdirp": {
			"version": "3.6.0",
			"resolved": "https://registry.npmjs.org/readdirp/-/readdirp-3.6.0.tgz",
			"integrity": "sha512-hOS089on8RduqdbhvQ5Z37A0ESjsqz6qnRcffsMU3495FuTdqSm+7bhJ29JvIOsBDEEnan5DPu9t3To9VRlMzA==",
			"dev": true,
			"dependencies": {
				"picomatch": "^2.2.1"
			},
			"engines": {
				"node": ">=8.10.0"
			}
		},
		"node_modules/ts-arithmetic": {
			"version": "0.1.1",
			"resolved": "https://registry.npmjs.org/ts-arithmetic/-/ts-arithmetic-0.1.1.tgz",
			"integrity": "sha512-3VqgsRgzaYfj+zKWn+7O66ifHwbOOnT2BoOrHwdEUBz7az0DetoZOS20+juNJh1klgzvWEi2Qxden41pomOUAQ=="
		},
		"node_modules/tslib": {
			"version": "2.6.1",
			"resolved": "https://registry.npmjs.org/tslib/-/tslib-2.6.1.tgz",
			"integrity": "sha512-t0hLfiEKfMUoqhG+U1oid7Pva4bbDPHYfJNiB7BiIjRkj1pyC++4N3huJfqY6aRH6VTB0rvtzQwjM4K6qpfOig==",
			"dev": true
		},
		"node_modules/typescript": {
			"version": "5.1.6",
			"resolved": "https://registry.npmjs.org/typescript/-/typescript-5.1.6.tgz",
			"integrity": "sha512-zaWCozRZ6DLEWAWFrVDz1H6FVXzUSfTy5FUMWsQlU8Ym5JP9eO4xkTIROFCQvhQf61z6O/G6ugw3SgAnvvm+HA==",
			"dev": true,
			"bin": {
				"tsc": "bin/tsc",
				"tsserver": "bin/tsserver"
			},
			"engines": {
				"node": ">=14.17"
			}
		}
	},
	"dependencies": {
		"@types/node": {
			"version": "20.4.8",
			"resolved": "https://registry.npmjs.org/@types/node/-/node-20.4.8.tgz",
			"integrity": "sha512-0mHckf6D2DiIAzh8fM8f3HQCvMKDpK94YQ0DSVkfWTG9BZleYIWudw9cJxX8oCk9bM+vAkDyujDV6dmKHbvQpg==",
			"dev": true
		},
		"picomatch": {
			"version": "2.2.3",
			"resolved": "https://registry.npmjs.org/picomatch/-/picomatch-2.2.3.tgz",
			"integrity": "sha512-KpELjfwcCDUb9PeigTs2mBJzXUPzAuP2oPcA989He8Rte0+YUAjw1JVedDhuTKPkHjSYzMN3npC9luThGYEKdg==",
			"dev": true
		},
		"readdirp": {
			"version": "3.6.0",
			"resolved": "https://registry.npmjs.org/readdirp/-/readdirp-3.6.0.tgz",
			"integrity": "sha512-hOS089on8RduqdbhvQ5Z37A0ESjsqz6qnRcffsMU3495FuTdqSm+7bhJ29JvIOsBDEEnan5DPu9t3To9VRlMzA==",
			"dev": true,
			"requires": {
				"picomatch": "^2.2.1"
			}
		},
		"ts-arithmetic": {
			"version": "0.1.1",
			"resolved": "https://registry.npmjs.org/ts-arithmetic/-/ts-arithmetic-0.1.1.tgz",
			"integrity": "sha512-3VqgsRgzaYfj+zKWn+7O66ifHwbOOnT2BoOrHwdEUBz7az0DetoZOS20+juNJh1klgzvWEi2Qxden41pomOUAQ=="
		},
		"tslib": {
			"version": "2.6.1",
			"resolved": "https://registry.npmjs.org/tslib/-/tslib-2.6.1.tgz",
			"integrity": "sha512-t0hLfiEKfMUoqhG+U1oid7Pva4bbDPHYfJNiB7BiIjRkj1pyC++4N3huJfqY6aRH6VTB0rvtzQwjM4K6qpfOig==",
			"dev": true
		},
		"typescript": {
			"version": "5.1.6",
			"resolved": "https://registry.npmjs.org/typescript/-/typescript-5.1.6.tgz",
			"integrity": "sha512-zaWCozRZ6DLEWAWFrVDz1H6FVXzUSfTy5FUMWsQlU8Ym5JP9eO4xkTIROFCQvhQf61z6O/G6ugw3SgAnvvm+HA==",
			"dev": true
		}
	}
}
